
Microsoft Visual Studio Solution File, Format Version 12.00
# Visual Studio Version 17
VisualStudioVersion = 17.11.35219.272
MinimumVisualStudioVersion = 10.0.40219.1
Project("{FAE04EC0-301F-11D3-BF4B-00C04F79EFBC}") = "VMS-WebApplication1", "VMS-WebApplication1.csproj", "{DBB633D6-8771-4F84-B0B7-7D99F854D397}"
EndProject
Global
	GlobalSection(SolutionConfigurationPlatforms) = preSolution
		Debug|Any CPU = Debug|Any CPU
		Release|Any CPU = Release|Any CPU
	EndGlobalSection
	GlobalSection(ProjectConfigurationPlatforms) = postSolution
		{DBB633D6-8771-4F84-B0B7-7D99F854D397}.Debug|Any CPU.ActiveCfg = Debug|Any CPU
		{DBB633D6-8771-4F84-B0B7-7D99F854D397}.Debug|Any CPU.Build.0 = Debug|Any CPU
		{DBB633D6-8771-4F84-B0B7-7D99F854D397}.Release|Any CPU.ActiveCfg = Release|Any CPU
		{DBB633D6-8771-4F84-B0B7-7D99F854D397}.Release|Any CPU.Build.0 = Release|Any CPU
	EndGlobalSection
	GlobalSection(SolutionProperties) = preSolution
		HideSolutionNode = FALSE
	EndGlobalSection
	GlobalSection(ExtensibilityGlobals) = postSolution
		SolutionGuid = {6831F3E8-82EB-48C9-B296-36A73DCB4F67}
	EndGlobalSection
EndGlobal
